// !$*UTF8*$!
{
	archiveVersion = 1;
	classes = {
	};
	objectVersion = 56;
	objects = {

/* Begin PBXBuildFile section */
		FC0E9E7C2A85323700D86174 /* FinalExamApp.swift in Sources */ = {isa = PBXBuildFile; fileRef = FC0E9E7B2A85323700D86174 /* FinalExamApp.swift */; };
		FC0E9E7E2A85323700D86174 /* ContentView.swift in Sources */ = {isa = PBXBuildFile; fileRef = FC0E9E7D2A85323700D86174 /* ContentView.swift */; };
		FC0E9E802A85323800D86174 /* Assets.xcassets in Resources */ = {isa = PBXBuildFile; fileRef = FC0E9E7F2A85323800D86174 /* Assets.xcassets */; };
		FC0E9E832A85323800D86174 /* Preview Assets.xcassets in Resources */ = {isa = PBXBuildFile; fileRef = FC0E9E822A85323800D86174 /* Preview Assets.xcassets */; };
		FC0E9E8A2A8534AF00D86174 /* UserDefaultsHelper.swift in Sources */ = {isa = PBXBuildFile; fileRef = FC0E9E892A8534AF00D86174 /* UserDefaultsHelper.swift */; };
		FC0E9E8C2A8534DF00D86174 /* AssignmentProvider.swift in Sources */ = {isa = PBXBuildFile; fileRef = FC0E9E8B2A8534DF00D86174 /* AssignmentProvider.swift */; };
		FC0E9E8E2A85353F00D86174 /* Assignment.swift in Sources */ = {isa = PBXBuildFile; fileRef = FC0E9E8D2A85353F00D86174 /* Assignment.swift */; };
		FC0E9E902A85370300D86174 /* ContentViewModel.swift in Sources */ = {isa = PBXBuildFile; fileRef = FC0E9E8F2A85370300D86174 /* ContentViewModel.swift */; };
		FC0E9EBB2A853E9D00D86174 /* FormView.swift in Sources */ = {isa = PBXBuildFile; fileRef = FC0E9EBA2A853E9D00D86174 /* FormView.swift */; };
		FC0E9EBD2A853F7C00D86174 /* FormViewModel.swift in Sources */ = {isa = PBXBuildFile; fileRef = FC0E9EBC2A853F7C00D86174 /* FormViewModel.swift */; };
		FC0E9EBF2A8543FA00D86174 /* ImagePicker.swift in Sources */ = {isa = PBXBuildFile; fileRef = FC0E9EBE2A8543FA00D86174 /* ImagePicker.swift */; };
		FCA9B4CC2A86914B0079A741 /* MapView.swift in Sources */ = {isa = PBXBuildFile; fileRef = FCA9B4CB2A86914B0079A741 /* MapView.swift */; };
		FCA9B4CE2A86A8630079A741 /* DetailView.swift in Sources */ = {isa = PBXBuildFile; fileRef = FCA9B4CD2A86A8630079A741 /* DetailView.swift */; };
/* End PBXBuildFile section */

/* Begin PBXFileReference section */
		FC0E9E782A85323700D86174 /* FinalExam.app */ = {isa = PBXFileReference; explicitFileType = wrapper.application; includeInIndex = 0; path = FinalExam.app; sourceTree = BUILT_PRODUCTS_DIR; };
		FC0E9E7B2A85323700D86174 /* FinalExamApp.swift */ = {isa = PBXFileReference; lastKnownFileType = sourcecode.swift; path = FinalExamApp.swift; sourceTree = "<group>"; };
		FC0E9E7D2A85323700D86174 /* ContentView.swift */ = {isa = PBXFileReference; lastKnownFileType = sourcecode.swift; path = ContentView.swift; sourceTree = "<group>"; };
		FC0E9E7F2A85323800D86174 /* Assets.xcassets */ = {isa = PBXFileReference; lastKnownFileType = folder.assetcatalog; path = Assets.xcassets; sourceTree = "<group>"; };
		FC0E9E822A85323800D86174 /* Preview Assets.xcassets */ = {isa = PBXFileReference; lastKnownFileType = folder.assetcatalog; path = "Preview Assets.xcassets"; sourceTree = "<group>"; };
		FC0E9E892A8534AF00D86174 /* UserDefaultsHelper.swift */ = {isa = PBXFileReference; fileEncoding = 4; lastKnownFileType = sourcecode.swift; path = UserDefaultsHelper.swift; sourceTree = "<group>"; };
		FC0E9E8B2A8534DF00D86174 /* AssignmentProvider.swift */ = {isa = PBXFileReference; lastKnownFileType = sourcecode.swift; path = AssignmentProvider.swift; sourceTree = "<group>"; };
		FC0E9E8D2A85353F00D86174 /* Assignment.swift */ = {isa = PBXFileReference; lastKnownFileType = sourcecode.swift; path = Assignment.swift; sourceTree = "<group>"; };
		FC0E9E8F2A85370300D86174 /* ContentViewModel.swift */ = {isa = PBXFileReference; lastKnownFileType = sourcecode.swift; path = ContentViewModel.swift; sourceTree = "<group>"; };
		FC0E9EBA2A853E9D00D86174 /* FormView.swift */ = {isa = PBXFileReference; lastKnownFileType = sourcecode.swift; path = FormView.swift; sourceTree = "<group>"; };
		FC0E9EBC2A853F7C00D86174 /* FormViewModel.swift */ = {isa = PBXFileReference; lastKnownFileType = sourcecode.swift; path = FormViewModel.swift; sourceTree = "<group>"; };
		FC0E9EBE2A8543FA00D86174 /* ImagePicker.swift */ = {isa = PBXFileReference; lastKnownFileType = sourcecode.swift; path = ImagePicker.swift; sourceTree = "<group>"; };
		FCA9B4CB2A86914B0079A741 /* MapView.swift */ = {isa = PBXFileReference; lastKnownFileType = sourcecode.swift; path = MapView.swift; sourceTree = "<group>"; };
		FCA9B4CD2A86A8630079A741 /* DetailView.swift */ = {isa = PBXFileReference; lastKnownFileType = sourcecode.swift; path = DetailView.swift; sourceTree = "<group>"; };
/* End PBXFileReference section */

/* Begin PBXFrameworksBuildPhase section */
		FC0E9E752A85323700D86174 /* Frameworks */ = {
			isa = PBXFrameworksBuildPhase;
			buildActionMask = 2147483647;
			files = (
			);
			runOnlyForDeploymentPostprocessing = 0;
		};
/* End PBXFrameworksBuildPhase section */

/* Begin PBXGroup section */
		FC0E9E6F2A85323700D86174 = {
			isa = PBXGroup;
			children = (
				FC0E9E7A2A85323700D86174 /* FinalExam */,
				FC0E9E792A85323700D86174 /* Products */,
			);
			sourceTree = "<group>";
		};
		FC0E9E792A85323700D86174 /* Products */ = {
			isa = PBXGroup;
			children = (
				FC0E9E782A85323700D86174 /* FinalExam.app */,
			);
			name = Products;
			sourceTree = "<group>";
		};
		FC0E9E7A2A85323700D86174 /* FinalExam */ = {
			isa = PBXGroup;
			children = (
				FC0E9E7B2A85323700D86174 /* FinalExamApp.swift */,
				FCA9B4D52A86A8D40079A741 /* Context */,
				FCA9B4D22A86A89C0079A741 /* Entities */,
				FCA9B4D42A86A8C70079A741 /* Provider */,
				FCA9B4D32A86A8AE0079A741 /* Helper */,
				FC0E9E7F2A85323800D86174 /* Assets.xcassets */,
				FC0E9E812A85323800D86174 /* Preview Content */,
			);
			path = FinalExam;
			sourceTree = "<group>";
		};
		FC0E9E812A85323800D86174 /* Preview Content */ = {
			isa = PBXGroup;
			children = (
				FC0E9E822A85323800D86174 /* Preview Assets.xcassets */,
			);
			path = "Preview Content";
			sourceTree = "<group>";
		};
		FCA9B4CF2A86A86F0079A741 /* Content */ = {
			isa = PBXGroup;
			children = (
				FC0E9E8F2A85370300D86174 /* ContentViewModel.swift */,
				FC0E9E7D2A85323700D86174 /* ContentView.swift */,
			);
			path = Content;
			sourceTree = "<group>";
		};
		FCA9B4D02A86A8740079A741 /* Form */ = {
			isa = PBXGroup;
			children = (
				FC0E9EBC2A853F7C00D86174 /* FormViewModel.swift */,
				FC0E9EBA2A853E9D00D86174 /* FormView.swift */,
			);
			path = Form;
			sourceTree = "<group>";
		};
		FCA9B4D12A86A87A0079A741 /* Detail */ = {
			isa = PBXGroup;
			children = (
				FCA9B4CD2A86A8630079A741 /* DetailView.swift */,
			);
			path = Detail;
			sourceTree = "<group>";
		};
		FCA9B4D22A86A89C0079A741 /* Entities */ = {
			isa = PBXGroup;
			children = (
				FC0E9E8D2A85353F00D86174 /* Assignment.swift */,
			);
			path = Entities;
			sourceTree = "<group>";
		};
		FCA9B4D32A86A8AE0079A741 /* Helper */ = {
			isa = PBXGroup;
			children = (
				FC0E9EBE2A8543FA00D86174 /* ImagePicker.swift */,
				FCA9B4CB2A86914B0079A741 /* MapView.swift */,
				FC0E9E892A8534AF00D86174 /* UserDefaultsHelper.swift */,
			);
			path = Helper;
			sourceTree = "<group>";
		};
		FCA9B4D42A86A8C70079A741 /* Provider */ = {
			isa = PBXGroup;
			children = (
				FC0E9E8B2A8534DF00D86174 /* AssignmentProvider.swift */,
			);
			path = Provider;
			sourceTree = "<group>";
		};
		FCA9B4D52A86A8D40079A741 /* Context */ = {
			isa = PBXGroup;
			children = (
				FCA9B4D12A86A87A0079A741 /* Detail */,
				FCA9B4D02A86A8740079A741 /* Form */,
				FCA9B4CF2A86A86F0079A741 /* Content */,
			);
			path = Context;
			sourceTree = "<group>";
		};
/* End PBXGroup section */

/* Begin PBXNativeTarget section */
		FC0E9E772A85323700D86174 /* FinalExam */ = {
			isa = PBXNativeTarget;
			buildConfigurationList = FC0E9E862A85323800D86174 /* Build configuration list for PBXNativeTarget "FinalExam" */;
			buildPhases = (
				FC0E9E742A85323700D86174 /* Sources */,
				FC0E9E752A85323700D86174 /* Frameworks */,
				FC0E9E762A85323700D86174 /* Resources */,
			);
			buildRules = (
			);
			dependencies = (
			);
			name = FinalExam;
			productName = FinalExam;
			productReference = FC0E9E782A85323700D86174 /* FinalExam.app */;
			productType = "com.apple.product-type.application";
		};
/* End PBXNativeTarget section */

/* Begin PBXProject section */
		FC0E9E702A85323700D86174 /* Project object */ = {
			isa = PBXProject;
			attributes = {
				BuildIndependentTargetsInParallel = 1;
				LastSwiftUpdateCheck = 1430;
				LastUpgradeCheck = 1430;
				TargetAttributes = {
					FC0E9E772A85323700D86174 = {
						CreatedOnToolsVersion = 14.3.1;
					};
				};
			};
			buildConfigurationList = FC0E9E732A85323700D86174 /* Build configuration list for PBXProject "FinalExam" */;
			compatibilityVersion = "Xcode 14.0";
			developmentRegion = en;
			hasScannedForEncodings = 0;
			knownRegions = (
				en,
				Base,
			);
			mainGroup = FC0E9E6F2A85323700D86174;
			productRefGroup = FC0E9E792A85323700D86174 /* Products */;
			projectDirPath = "";
			projectRoot = "";
			targets = (
				FC0E9E772A85323700D86174 /* FinalExam */,
			);
		};
/* End PBXProject section */

/* Begin PBXResourcesBuildPhase section */
		FC0E9E762A85323700D86174 /* Resources */ = {
			isa = PBXResourcesBuildPhase;
			buildActionMask = 2147483647;
			files = (
				FC0E9E832A85323800D86174 /* Preview Assets.xcassets in Resources */,
				FC0E9E802A85323800D86174 /* Assets.xcassets in Resources */,
			);
			runOnlyForDeploymentPostprocessing = 0;
		};
/* End PBXResourcesBuildPhase section */

/* Begin PBXSourcesBuildPhase section */
		FC0E9E742A85323700D86174 /* Sources */ = {
			isa = PBXSourcesBuildPhase;
			buildActionMask = 2147483647;
			files = (
				FC0E9E8A2A8534AF00D86174 /* UserDefaultsHelper.swift in Sources */,
				FC0E9E7E2A85323700D86174 /* ContentView.swift in Sources */,
				FC0E9EBB2A853E9D00D86174 /* FormView.swift in Sources */,
				FC0E9EBF2A8543FA00D86174 /* ImagePicker.swift in Sources */,
				FC0E9E902A85370300D86174 /* ContentViewModel.swift in Sources */,
				FCA9B4CE2A86A8630079A741 /* DetailView.swift in Sources */,
				FC0E9E7C2A85323700D86174 /* FinalExamApp.swift in Sources */,
				FC0E9E8E2A85353F00D86174 /* Assignment.swift in Sources */,
				FCA9B4CC2A86914B0079A741 /* MapView.swift in Sources */,
				FC0E9EBD2A853F7C00D86174 /* FormViewModel.swift in Sources */,
				FC0E9E8C2A8534DF00D86174 /* AssignmentProvider.swift in Sources */,
			);
			runOnlyForDeploymentPostprocessing = 0;
		};
/* End PBXSourcesBuildPhase section */

/* Begin XCBuildConfiguration section */
		FC0E9E842A85323800D86174 /* Debug */ = {
			isa = XCBuildConfiguration;
			buildSettings = {
				ALWAYS_SEARCH_USER_PATHS = NO;
				CLANG_ANALYZER_NONNULL = YES;
				CLANG_ANALYZER_NUMBER_OBJECT_CONVERSION = YES_AGGRESSIVE;
				CLANG_CXX_LANGUAGE_STANDARD = "gnu++20";
				CLANG_ENABLE_MODULES = YES;
				CLANG_ENABLE_OBJC_ARC = YES;
				CLANG_ENABLE_OBJC_WEAK = YES;
				CLANG_WARN_BLOCK_CAPTURE_AUTORELEASING = YES;
				CLANG_WARN_BOOL_CONVERSION = YES;
				CLANG_WARN_COMMA = YES;
				CLANG_WARN_CONSTANT_CONVERSION = YES;
				CLANG_WARN_DEPRECATED_OBJC_IMPLEMENTATIONS = YES;
				CLANG_WARN_DIRECT_OBJC_ISA_USAGE = YES_ERROR;
				CLANG_WARN_DOCUMENTATION_COMMENTS = YES;
				CLANG_WARN_EMPTY_BODY = YES;
				CLANG_WARN_ENUM_CONVERSION = YES;
				CLANG_WARN_INFINITE_RECURSION = YES;
				CLANG_WARN_INT_CONVERSION = YES;
				CLANG_WARN_NON_LITERAL_NULL_CONVERSION = YES;
				CLANG_WARN_OBJC_IMPLICIT_RETAIN_SELF = YES;
				CLANG_WARN_OBJC_LITERAL_CONVERSION = YES;
				CLANG_WARN_OBJC_ROOT_CLASS = YES_ERROR;
				CLANG_WARN_QUOTED_INCLUDE_IN_FRAMEWORK_HEADER = YES;
				CLANG_WARN_RANGE_LOOP_ANALYSIS = YES;
				CLANG_WARN_STRICT_PROTOTYPES = YES;
				CLANG_WARN_SUSPICIOUS_MOVE = YES;
				CLANG_WARN_UNGUARDED_AVAILABILITY = YES_AGGRESSIVE;
				CLANG_WARN_UNREACHABLE_CODE = YES;
				CLANG_WARN__DUPLICATE_METHOD_MATCH = YES;
				COPY_PHASE_STRIP = NO;
				DEBUG_INFORMATION_FORMAT = dwarf;
				ENABLE_STRICT_OBJC_MSGSEND = YES;
				ENABLE_TESTABILITY = YES;
				GCC_C_LANGUAGE_STANDARD = gnu11;
				GCC_DYNAMIC_NO_PIC = NO;
				GCC_NO_COMMON_BLOCKS = YES;
				GCC_OPTIMIZATION_LEVEL = 0;
				GCC_PREPROCESSOR_DEFINITIONS = (
					"DEBUG=1",
					"$(inherited)",
				);
				GCC_WARN_64_TO_32_BIT_CONVERSION = YES;
				GCC_WARN_ABOUT_RETURN_TYPE = YES_ERROR;
				GCC_WARN_UNDECLARED_SELECTOR = YES;
				GCC_WARN_UNINITIALIZED_AUTOS = YES_AGGRESSIVE;
				GCC_WARN_UNUSED_FUNCTION = YES;
				GCC_WARN_UNUSED_VARIABLE = YES;
				IPHONEOS_DEPLOYMENT_TARGET = 16.4;
				MTL_ENABLE_DEBUG_INFO = INCLUDE_SOURCE;
				MTL_FAST_MATH = YES;
				ONLY_ACTIVE_ARCH = YES;
				SDKROOT = iphoneos;
				SWIFT_ACTIVE_COMPILATION_CONDITIONS = DEBUG;
				SWIFT_OPTIMIZATION_LEVEL = "-Onone";
			};
			name = Debug;
		};
		FC0E9E852A85323800D86174 /* Release */ = {
			isa = XCBuildConfiguration;
			buildSettings = {
				ALWAYS_SEARCH_USER_PATHS = NO;
				CLANG_ANALYZER_NONNULL = YES;
				CLANG_ANALYZER_NUMBER_OBJECT_CONVERSION = YES_AGGRESSIVE;
				CLANG_CXX_LANGUAGE_STANDARD = "gnu++20";
				CLANG_ENABLE_MODULES = YES;
				CLANG_ENABLE_OBJC_ARC = YES;
				CLANG_ENABLE_OBJC_WEAK = YES;
				CLANG_WARN_BLOCK_CAPTURE_AUTORELEASING = YES;
				CLANG_WARN_BOOL_CONVERSION = YES;
				CLANG_WARN_COMMA = YES;
				CLANG_WARN_CONSTANT_CONVERSION = YES;
				CLANG_WARN_DEPRECATED_OBJC_IMPLEMENTATIONS = YES;
				CLANG_WARN_DIRECT_OBJC_ISA_USAGE = YES_ERROR;
				CLANG_WARN_DOCUMENTATION_COMMENTS = YES;
				CLANG_WARN_EMPTY_BODY = YES;
				CLANG_WARN_ENUM_CONVERSION = YES;
				CLANG_WARN_INFINITE_RECURSION = YES;
				CLANG_WARN_INT_CONVERSION = YES;
				CLANG_WARN_NON_LITERAL_NULL_CONVERSION = YES;
				CLANG_WARN_OBJC_IMPLICIT_RETAIN_SELF = YES;
				CLANG_WARN_OBJC_LITERAL_CONVERSION = YES;
				CLANG_WARN_OBJC_ROOT_CLASS = YES_ERROR;
				CLANG_WARN_QUOTED_INCLUDE_IN_FRAMEWORK_HEADER = YES;
				CLANG_WARN_RANGE_LOOP_ANALYSIS = YES;
				CLANG_WARN_STRICT_PROTOTYPES = YES;
				CLANG_WARN_SUSPICIOUS_MOVE = YES;
				CLANG_WARN_UNGUARDED_AVAILABILITY = YES_AGGRESSIVE;
				CLANG_WARN_UNREACHABLE_CODE = YES;
				CLANG_WARN__DUPLICATE_METHOD_MATCH = YES;
				COPY_PHASE_STRIP = NO;
				DEBUG_INFORMATION_FORMAT = "dwarf-with-dsym";
				ENABLE_NS_ASSERTIONS = NO;
				ENABLE_STRICT_OBJC_MSGSEND = YES;
				GCC_C_LANGUAGE_STANDARD = gnu11;
				GCC_NO_COMMON_BLOCKS = YES;
				GCC_WARN_64_TO_32_BIT_CONVERSION = YES;
				GCC_WARN_ABOUT_RETURN_TYPE = YES_ERROR;
				GCC_WARN_UNDECLARED_SELECTOR = YES;
				GCC_WARN_UNINITIALIZED_AUTOS = YES_AGGRESSIVE;
				GCC_WARN_UNUSED_FUNCTION = YES;
				GCC_WARN_UNUSED_VARIABLE = YES;
				IPHONEOS_DEPLOYMENT_TARGET = 16.4;
				MTL_ENABLE_DEBUG_INFO = NO;
				MTL_FAST_MATH = YES;
				SDKROOT = iphoneos;
				SWIFT_COMPILATION_MODE = wholemodule;
				SWIFT_OPTIMIZATION_LEVEL = "-O";
				VALIDATE_PRODUCT = YES;
			};
			name = Release;
		};
		FC0E9E872A85323800D86174 /* Debug */ = {
			isa = XCBuildConfiguration;
			buildSettings = {
				ASSETCATALOG_COMPILER_APPICON_NAME = AppIcon;
				ASSETCATALOG_COMPILER_GLOBAL_ACCENT_COLOR_NAME = AccentColor;
				CODE_SIGN_STYLE = Automatic;
				CURRENT_PROJECT_VERSION = 1;
				DEVELOPMENT_ASSET_PATHS = "\"FinalExam/Preview Content\"";
				DEVELOPMENT_TEAM = YF2M6C4WM8;
				ENABLE_PREVIEWS = YES;
				GENERATE_INFOPLIST_FILE = YES;
				INFOPLIST_KEY_UIApplicationSceneManifest_Generation = YES;
				INFOPLIST_KEY_UIApplicationSupportsIndirectInputEvents = YES;
				INFOPLIST_KEY_UILaunchScreen_Generation = YES;
				INFOPLIST_KEY_UISupportedInterfaceOrientations_iPad = "UIInterfaceOrientationPortrait UIInterfaceOrientationPortraitUpsideDown UIInterfaceOrientationLandscapeLeft UIInterfaceOrientationLandscapeRight";
				INFOPLIST_KEY_UISupportedInterfaceOrientations_iPhone = "UIInterfaceOrientationPortrait UIInterfaceOrientationLandscapeLeft UIInterfaceOrientationLandscapeRight";
				LD_RUNPATH_SEARCH_PATHS = (
					"$(inherited)",
					"@executable_path/Frameworks",
				);
				MARKETING_VERSION = 1.0;
				PRODUCT_BUNDLE_IDENTIFIER = com.willasaskara.FinalExam;
				PRODUCT_NAME = "$(TARGET_NAME)";
				SWIFT_EMIT_LOC_STRINGS = YES;
				SWIFT_VERSION = 5.0;
				TARGETED_DEVICE_FAMILY = "1,2";
			};
			name = Debug;
		};
		FC0E9E882A85323800D86174 /* Release */ = {
			isa = XCBuildConfiguration;
			buildSettings = {
				ASSETCATALOG_COMPILER_APPICON_NAME = AppIcon;
				ASSETCATALOG_COMPILER_GLOBAL_ACCENT_COLOR_NAME = AccentColor;
				CODE_SIGN_STYLE = Automatic;
				CURRENT_PROJECT_VERSION = 1;
				DEVELOPMENT_ASSET_PATHS = "\"FinalExam/Preview Content\"";
				DEVELOPMENT_TEAM = YF2M6C4WM8;
				ENABLE_PREVIEWS = YES;
				GENERATE_INFOPLIST_FILE = YES;
				INFOPLIST_KEY_UIApplicationSceneManifest_Generation = YES;
				INFOPLIST_KEY_UIApplicationSupportsIndirectInputEvents = YES;
				INFOPLIST_KEY_UILaunchScreen_Generation = YES;
				INFOPLIST_KEY_UISupportedInterfaceOrientations_iPad = "UIInterfaceOrientationPortrait UIInterfaceOrientationPortraitUpsideDown UIInterfaceOrientationLandscapeLeft UIInterfaceOrientationLandscapeRight";
				INFOPLIST_KEY_UISupportedInterfaceOrientations_iPhone = "UIInterfaceOrientationPortrait UIInterfaceOrientationLandscapeLeft UIInterfaceOrientationLandscapeRight";
				LD_RUNPATH_SEARCH_PATHS = (
					"$(inherited)",
					"@executable_path/Frameworks",
				);
				MARKETING_VERSION = 1.0;
				PRODUCT_BUNDLE_IDENTIFIER = com.willasaskara.FinalExam;
				PRODUCT_NAME = "$(TARGET_NAME)";
				SWIFT_EMIT_LOC_STRINGS = YES;
				SWIFT_VERSION = 5.0;
				TARGETED_DEVICE_FAMILY = "1,2";
			};
			name = Release;
		};
/* End XCBuildConfiguration section */

/* Begin XCConfigurationList section */
		FC0E9E732A85323700D86174 /* Build configuration list for PBXProject "FinalExam" */ = {
			isa = XCConfigurationList;
			buildConfigurations = (
				FC0E9E842A85323800D86174 /* Debug */,
				FC0E9E852A85323800D86174 /* Release */,
			);
			defaultConfigurationIsVisible = 0;
			defaultConfigurationName = Release;
		};
		FC0E9E862A85323800D86174 /* Build configuration list for PBXNativeTarget "FinalExam" */ = {
			isa = XCConfigurationList;
			buildConfigurations = (
				FC0E9E872A85323800D86174 /* Debug */,
				FC0E9E882A85323800D86174 /* Release */,
			);
			defaultConfigurationIsVisible = 0;
			defaultConfigurationName = Release;
		};
/* End XCConfigurationList section */
	};
	rootObject = FC0E9E702A85323700D86174 /* Project object */;
}
